Microsoft Visual Studio Solution File, Format Version 12.00
# Visual Studio 2012
Project("{FAE04EC0-301F-11D3-BF4B-00C04F79EFBC}") = "House Clearance", "House Clearance.csproj", "{9933D545-69DB-42F6-B4A3-CEE77E5AE847}"
EndProject
Global
	GlobalSection(SolutionConfigurationPlatforms) = preSolution
	Debug|Any CPU = Debug|Any CPU
	ExportDebug|Any CPU = ExportDebug|Any CPU
	ExportRelease|Any CPU = ExportRelease|Any CPU
	EndGlobalSection
	GlobalSection(ProjectConfigurationPlatforms) = postSolution
		{9933D545-69DB-42F6-B4A3-CEE77E5AE847}.Debug|Any CPU.ActiveCfg = Debug|Any CPU
		{9933D545-69DB-42F6-B4A3-CEE77E5AE847}.Debug|Any CPU.Build.0 = Debug|Any CPU
		{9933D545-69DB-42F6-B4A3-CEE77E5AE847}.ExportDebug|Any CPU.ActiveCfg = ExportDebug|Any CPU
		{9933D545-69DB-42F6-B4A3-CEE77E5AE847}.ExportDebug|Any CPU.Build.0 = ExportDebug|Any CPU
		{9933D545-69DB-42F6-B4A3-CEE77E5AE847}.ExportRelease|Any CPU.ActiveCfg = ExportRelease|Any CPU
		{9933D545-69DB-42F6-B4A3-CEE77E5AE847}.ExportRelease|Any CPU.Build.0 = ExportRelease|Any CPU
	EndGlobalSection
EndGlobal
